<?xml version="1.0" encoding="utf-8"?>
<Project ToolsVersion="4.0" xmlns="http://schemas.microsoft.com/developer/msbuild/2003">
  <ItemGroup>
    <Filter Include="Source Files">
      <UniqueIdentifier>{531b2cf3-3a36-4580-8c2f-b38808c48fe1}</UniqueIdentifier>
      <Extensions>cpp;c;cxx;rc;def;r;odl;idl;hpj;bat</Extensions>
    </Filter>
    <Filter Include="Header Files">
      <UniqueIdentifier>{0c5d22ff-3e7e-4ae8-8fcf-ba5d39b9c1ff}</UniqueIdentifier>
      <Extensions>h;hpp;hxx;hm;inl</Extensions>
    </Filter>
    <Filter Include="Header Files\player">
      <UniqueIdentifier>{7af0ff28-3c20-4a59-9fea-88ea0d8b3bb6}</UniqueIdentifier>
    </Filter>
    <Filter Include="Resource Files">
      <UniqueIdentifier>{3da4f290-bec4-479e-ab3a-7b0230c780d7}</UniqueIdentifier>
      <Extensions>ico;cur;bmp;dlg;rc2;rct;bin;rgs;gif;jpg;jpeg;jpe</Extensions>
    </Filter>
  </ItemGroup>
  <ItemGroup>
    <ClCompile Include="Clevels.cpp">
      <Filter>Source Files</Filter>
    </ClCompile>
    <ClCompile Include="CText.cpp">
      <Filter>Source Files</Filter>
    </ClCompile>
    <ClCompile Include="CVector.cpp">
      <Filter>Source Files</Filter>
    </ClCompile>
    <ClCompile Include="Graphics.cpp">
      <Filter>Source Files</Filter>
    </ClCompile>
    <ClCompile Include="main.cpp">
      <Filter>Source Files</Filter>
    </ClCompile>
    <ClCompile Include="timing.cpp">
      <Filter>Source Files</Filter>
    </ClCompile>
    <ClCompile Include="utils.cpp">
      <Filter>Source Files</Filter>
    </ClCompile>
    <ClCompile Include="player\pod_player.cpp">
      <Filter>Header Files\player</Filter>
    </ClCompile>
  </ItemGroup>
  <ItemGroup>
    <ClInclude Include="Clevels.h">
      <Filter>Header Files</Filter>
    </ClInclude>
    <ClInclude Include="creator.h">
      <Filter>Header Files</Filter>
    </ClInclude>
    <ClInclude Include="CText.h">
      <Filter>Header Files</Filter>
    </ClInclude>
    <ClInclude Include="CVector.h">
      <Filter>Header Files</Filter>
    </ClInclude>
    <ClInclude Include="graphics.h">
      <Filter>Header Files</Filter>
    </ClInclude>
    <ClInclude Include="LoadMap.h">
      <Filter>Header Files</Filter>
    </ClInclude>
    <ClInclude Include="macros.h">
      <Filter>Header Files</Filter>
    </ClInclude>
    <ClInclude Include="pod_cube.h">
      <Filter>Header Files</Filter>
    </ClInclude>
    <ClInclude Include="pod_entity.h">
      <Filter>Header Files</Filter>
    </ClInclude>
    <ClInclude Include="pod_room.h">
      <Filter>Header Files</Filter>
    </ClInclude>
    <ClInclude Include="timing.h">
      <Filter>Header Files</Filter>
    </ClInclude>
    <ClInclude Include="world.h">
      <Filter>Header Files</Filter>
    </ClInclude>
    <ClInclude Include="player\actions.h">
      <Filter>Header Files\player</Filter>
    </ClInclude>
    <ClInclude Include="player\macros.h">
      <Filter>Header Files\player</Filter>
    </ClInclude>
    <ClInclude Include="player\pod_ball.h">
      <Filter>Header Files\player</Filter>
    </ClInclude>
    <ClInclude Include="player\pod_container.h">
      <Filter>Header Files\player</Filter>
    </ClInclude>
    <ClInclude Include="player\pod_item.h">
      <Filter>Header Files\player</Filter>
    </ClInclude>
    <ClInclude Include="player\pod_player.h">
      <Filter>Header Files\player</Filter>
    </ClInclude>
    <ClInclude Include="player\pod_skill.h">
      <Filter>Header Files\player</Filter>
    </ClInclude>
    <ClInclude Include="player\soul.h">
      <Filter>Header Files\player</Filter>
    </ClInclude>
  </ItemGroup>
</Project>